
Microsoft Visual Studio Solution File, Format Version 12.00
# Visual Studio Version 17
VisualStudioVersion = 17.0.31903.59
MinimumVisualStudioVersion = 10.0.40219.1
Project("{FAE04EC0-301F-11D3-BF4B-00C04F79EFBC}") = "Nimbrix", "Nimbrix\Nimbrix.csproj", "{3A27C5E7-ACB8-48B1-9A0D-1A7F353E2C53}"
EndProject
Project("{FAE04EC0-301F-11D3-BF4B-00C04F79EFBC}") = "Nimbrix.CQRS", "Nimbrix.CQRS\Nimbrix.CQRS.csproj", "{F016E3D0-B3D5-467B-98EC-2F17171B40AC}"
EndProject
Project("{FAE04EC0-301F-11D3-BF4B-00C04F79EFBC}") = "Nimbrix.AspDotNet", "Nimbrix.AspDotNet\Nimbrix.AspDotNet.csproj", "{12A2BF31-5B13-4829-BFAB-CB9CFD0EC967}"
EndProject
Project("{FAE04EC0-301F-11D3-BF4B-00C04F79EFBC}") = "Nimbrix.Logging", "Nimbrix.Logging\Nimbrix.Logging.csproj", "{D13E971F-B990-4265-B766-D302318386DB}"
EndProject
Project("{FAE04EC0-301F-11D3-BF4B-00C04F79EFBC}") = "Nimbrix.Persistence", "Nimbrix.Persistence\Nimbrix.Persistence.csproj", "{90AB9742-894E-4972-AC1D-F1C69C4C0D8D}"
EndProject
Project("{FAE04EC0-301F-11D3-BF4B-00C04F79EFBC}") = "Nimbrix.Testing", "Nimbrix.Testing\Nimbrix.Testing.csproj", "{3579183A-5BF5-496E-A6BA-DF9DA5422EFB}"
EndProject
Project("{FAE04EC0-301F-11D3-BF4B-00C04F79EFBC}") = "Nimbrix.Samples", "Nimbrix.Samples\Nimbrix.Samples.csproj", "{F6534C6A-9AFE-451A-8457-C9F1217908E4}"
EndProject
Global
	GlobalSection(SolutionConfigurationPlatforms) = preSolution
		Debug|Any CPU = Debug|Any CPU
		Release|Any CPU = Release|Any CPU
	EndGlobalSection
	GlobalSection(SolutionProperties) = preSolution
		HideSolutionNode = FALSE
	EndGlobalSection
	GlobalSection(ProjectConfigurationPlatforms) = postSolution
		{3A27C5E7-ACB8-48B1-9A0D-1A7F353E2C53}.Debug|Any CPU.ActiveCfg = Debug|Any CPU
		{3A27C5E7-ACB8-48B1-9A0D-1A7F353E2C53}.Debug|Any CPU.Build.0 = Debug|Any CPU
		{3A27C5E7-ACB8-48B1-9A0D-1A7F353E2C53}.Release|Any CPU.ActiveCfg = Release|Any CPU
		{3A27C5E7-ACB8-48B1-9A0D-1A7F353E2C53}.Release|Any CPU.Build.0 = Release|Any CPU
		{F016E3D0-B3D5-467B-98EC-2F17171B40AC}.Debug|Any CPU.ActiveCfg = Debug|Any CPU
		{F016E3D0-B3D5-467B-98EC-2F17171B40AC}.Debug|Any CPU.Build.0 = Debug|Any CPU
		{F016E3D0-B3D5-467B-98EC-2F17171B40AC}.Release|Any CPU.ActiveCfg = Release|Any CPU
		{F016E3D0-B3D5-467B-98EC-2F17171B40AC}.Release|Any CPU.Build.0 = Release|Any CPU
		{12A2BF31-5B13-4829-BFAB-CB9CFD0EC967}.Debug|Any CPU.ActiveCfg = Debug|Any CPU
		{12A2BF31-5B13-4829-BFAB-CB9CFD0EC967}.Debug|Any CPU.Build.0 = Debug|Any CPU
		{12A2BF31-5B13-4829-BFAB-CB9CFD0EC967}.Release|Any CPU.ActiveCfg = Release|Any CPU
		{12A2BF31-5B13-4829-BFAB-CB9CFD0EC967}.Release|Any CPU.Build.0 = Release|Any CPU
		{D13E971F-B990-4265-B766-D302318386DB}.Debug|Any CPU.ActiveCfg = Debug|Any CPU
		{D13E971F-B990-4265-B766-D302318386DB}.Debug|Any CPU.Build.0 = Debug|Any CPU
		{D13E971F-B990-4265-B766-D302318386DB}.Release|Any CPU.ActiveCfg = Release|Any CPU
		{D13E971F-B990-4265-B766-D302318386DB}.Release|Any CPU.Build.0 = Release|Any CPU
		{90AB9742-894E-4972-AC1D-F1C69C4C0D8D}.Debug|Any CPU.ActiveCfg = Debug|Any CPU
		{90AB9742-894E-4972-AC1D-F1C69C4C0D8D}.Debug|Any CPU.Build.0 = Debug|Any CPU
		{90AB9742-894E-4972-AC1D-F1C69C4C0D8D}.Release|Any CPU.ActiveCfg = Release|Any CPU
		{90AB9742-894E-4972-AC1D-F1C69C4C0D8D}.Release|Any CPU.Build.0 = Release|Any CPU
		{3579183A-5BF5-496E-A6BA-DF9DA5422EFB}.Debug|Any CPU.ActiveCfg = Debug|Any CPU
		{3579183A-5BF5-496E-A6BA-DF9DA5422EFB}.Debug|Any CPU.Build.0 = Debug|Any CPU
		{3579183A-5BF5-496E-A6BA-DF9DA5422EFB}.Release|Any CPU.ActiveCfg = Release|Any CPU
		{3579183A-5BF5-496E-A6BA-DF9DA5422EFB}.Release|Any CPU.Build.0 = Release|Any CPU
		{F6534C6A-9AFE-451A-8457-C9F1217908E4}.Debug|Any CPU.ActiveCfg = Debug|Any CPU
		{F6534C6A-9AFE-451A-8457-C9F1217908E4}.Debug|Any CPU.Build.0 = Debug|Any CPU
		{F6534C6A-9AFE-451A-8457-C9F1217908E4}.Release|Any CPU.ActiveCfg = Release|Any CPU
		{F6534C6A-9AFE-451A-8457-C9F1217908E4}.Release|Any CPU.Build.0 = Release|Any CPU
	EndGlobalSection
EndGlobal
